schemaVersion: 1
capturedAt: "2026-08-06"
engines:
  - id: node-v8
    engine: V8
    distribution: Node.js 24.18.1 linux-x64 / V8 13.6.233.17-node.50
    sha256: d6c664df3f3f61458e8c277585571328522d705166723a7c7823a9253a4d15a0
    status: verified
  - id: spidermonkey
    engine: SpiderMonkey
    distribution: pending-jsvu-spike
    sha256: pending
    status: pending
  - id: javascriptcore
    engine: JavaScriptCore
    distribution: pending-jsvu-spike
    sha256: pending
    status: pending
